
Microsoft Visual Studio Solution File, Format Version 12.00
# Visual Studio Version 16
VisualStudioVersion = 16.6.30114.105
MinimumVisualStudioVersion = 10.0.40219.1
Project("{FAE04EC0-301F-11D3-BF4B-00C04F79EFBC}") = "sand", "src\sand.csproj", "{04069DC9-81F4-4161-8527-18BCB77454E3}"
EndProject
Project("{FAE04EC0-301F-11D3-BF4B-00C04F79EFBC}") = "test", "test\test.csproj", "{45BDFA5D-D205-49BE-B470-A5B05C42A610}"
EndProject
Global
	GlobalSection(SolutionConfigurationPlatforms) = preSolution
		Debug|Any CPU = Debug|Any CPU
		Debug|x64 = Debug|x64
		Debug|x86 = Debug|x86
		Release|Any CPU = Release|Any CPU
		Release|x64 = Release|x64
		Release|x86 = Release|x86
	EndGlobalSection
	GlobalSection(SolutionProperties) = preSolution
		HideSolutionNode = FALSE
	EndGlobalSection
	GlobalSection(ProjectConfigurationPlatforms) = postSolution
		{04069DC9-81F4-4161-8527-18BCB77454E3}.Debug|Any CPU.ActiveCfg = Debug|Any CPU
		{04069DC9-81F4-4161-8527-18BCB77454E3}.Debug|Any CPU.Build.0 = Debug|Any CPU
		{04069DC9-81F4-4161-8527-18BCB77454E3}.Debug|x64.ActiveCfg = Debug|Any CPU
		{04069DC9-81F4-4161-8527-18BCB77454E3}.Debug|x64.Build.0 = Debug|Any CPU
		{04069DC9-81F4-4161-8527-18BCB77454E3}.Debug|x86.ActiveCfg = Debug|Any CPU
		{04069DC9-81F4-4161-8527-18BCB77454E3}.Debug|x86.Build.0 = Debug|Any CPU
		{04069DC9-81F4-4161-8527-18BCB77454E3}.Release|Any CPU.ActiveCfg = Release|Any CPU
		{04069DC9-81F4-4161-8527-18BCB77454E3}.Release|Any CPU.Build.0 = Release|Any CPU
		{04069DC9-81F4-4161-8527-18BCB77454E3}.Release|x64.ActiveCfg = Release|Any CPU
		{04069DC9-81F4-4161-8527-18BCB77454E3}.Release|x64.Build.0 = Release|Any CPU
		{04069DC9-81F4-4161-8527-18BCB77454E3}.Release|x86.ActiveCfg = Release|Any CPU
		{04069DC9-81F4-4161-8527-18BCB77454E3}.Release|x86.Build.0 = Release|Any CPU
		{45BDFA5D-D205-49BE-B470-A5B05C42A610}.Debug|Any CPU.ActiveCfg = Debug|Any CPU
		{45BDFA5D-D205-49BE-B470-A5B05C42A610}.Debug|Any CPU.Build.0 = Debug|Any CPU
		{45BDFA5D-D205-49BE-B470-A5B05C42A610}.Debug|x64.ActiveCfg = Debug|Any CPU
		{45BDFA5D-D205-49BE-B470-A5B05C42A610}.Debug|x64.Build.0 = Debug|Any CPU
		{45BDFA5D-D205-49BE-B470-A5B05C42A610}.Debug|x86.ActiveCfg = Debug|Any CPU
		{45BDFA5D-D205-49BE-B470-A5B05C42A610}.Debug|x86.Build.0 = Debug|Any CPU
		{45BDFA5D-D205-49BE-B470-A5B05C42A610}.Release|Any CPU.ActiveCfg = Release|Any CPU
		{45BDFA5D-D205-49BE-B470-A5B05C42A610}.Release|Any CPU.Build.0 = Release|Any CPU
		{45BDFA5D-D205-49BE-B470-A5B05C42A610}.Release|x64.ActiveCfg = Release|Any CPU
		{45BDFA5D-D205-49BE-B470-A5B05C42A610}.Release|x64.Build.0 = Release|Any CPU
		{45BDFA5D-D205-49BE-B470-A5B05C42A610}.Release|x86.ActiveCfg = Release|Any CPU
		{45BDFA5D-D205-49BE-B470-A5B05C42A610}.Release|x86.Build.0 = Release|Any CPU
	EndGlobalSection
EndGlobal
